{
  "name": "ts-synology-api",
  "version": "2.0.35",
  "lockfileVersion": 3,
  "requires": true,
  "packages": {
    "": {
      "name": "ts-synology-api",
      "version": "2.0.35",
      "license": "MIT",
      "dependencies": {
        "dotenv": "^16.4.5"
      },
      "devDependencies": {
        "@types/node": "^18.14.6",
        "typescript": "^4.2.4"
      }
    },
    "node_modules/@types/node": {
      "version": "18.19.34",
      "resolved": "https://registry.npmjs.org/@types/node/-/node-18.19.34.tgz",
      "integrity": "sha512-eXF4pfBNV5DAMKGbI02NnDtWrQ40hAN558/2vvS4gMpMIxaf6JmD7YjnZbq0Q9TDSSkKBamime8ewRoomHdt4g==",
      "dev": true,
      "license": "MIT",
      "dependencies": {
        "undici-types": "~5.26.4"
      }
    },
    "node_modules/dotenv": {
      "version": "16.4.5",
      "resolved": "https://registry.npmjs.org/dotenv/-/dotenv-16.4.5.tgz",
      "integrity": "sha512-ZmdL2rui+eB2YwhsWzjInR8LldtZHGDoQ1ugH85ppHKwpUHL7j7rN0Ti9NCnGiQbhaZ11FpR+7ao1dNsmduNUg==",
      "license": "BSD-2-Clause",
      "engines": {
        "node": ">=12"
      },
      "funding": {
        "url": "https://dotenvx.com"
      }
    },
    "node_modules/typescript": {
      "version": "4.9.5",
      "resolved": "https://registry.npmjs.org/typescript/-/typescript-4.9.5.tgz",
      "integrity": "sha512-1FXk9E2Hm+QzZQ7z+McJiHL4NW1F2EzMu9Nq9i3zAaGqibafqYwCVU6WyWAuyQRRzOlxou8xZSyXLEN8oKj24g==",
      "dev": true,
      "license": "Apache-2.0",
      "bin": {
        "tsc": "bin/tsc",
        "tsserver": "bin/tsserver"
      },
      "engines": {
        "node": ">=4.2.0"
      }
    },
    "node_modules/undici-types": {
      "version": "5.26.5",
      "resolved": "https://registry.npmjs.org/undici-types/-/undici-types-5.26.5.tgz",
      "integrity": "sha512-JlCMO+ehdEIKqlFxk6IfVoAUVmgz7cU7zD/h9XZ0qzeosSHmUJVOzSQvvYSYWXkFXC+IfLKSIffhv0sVZup6pA==",
      "dev": true,
      "license": "MIT"
    }
  }
}
